
Microsoft Visual Studio Solution File, Format Version 12.00
# Visual Studio Version 16
VisualStudioVersion = 16.0.30011.22
MinimumVisualStudioVersion = 10.0.40219.1
Project("{FAE04EC0-301F-11D3-BF4B-00C04F79EFBC}") = "InternetServiceProvider", "InternetServiceProvider.csproj", "{6989E513-0407-4416-A4CE-6081EAEAF578}"
EndProject
Global
	GlobalSection(SolutionConfigurationPlatforms) = preSolution
		Debug|Any CPU = Debug|Any CPU
		Release|Any CPU = Release|Any CPU
	EndGlobalSection
	GlobalSection(ProjectConfigurationPlatforms) = postSolution
		{6989E513-0407-4416-A4CE-6081EAEAF578}.Debug|Any CPU.ActiveCfg = Debug|Any CPU
		{6989E513-0407-4416-A4CE-6081EAEAF578}.Debug|Any CPU.Build.0 = Debug|Any CPU
		{6989E513-0407-4416-A4CE-6081EAEAF578}.Release|Any CPU.ActiveCfg = Release|Any CPU
		{6989E513-0407-4416-A4CE-6081EAEAF578}.Release|Any CPU.Build.0 = Release|Any CPU
	EndGlobalSection
	GlobalSection(SolutionProperties) = preSolution
		HideSolutionNode = FALSE
	EndGlobalSection
	GlobalSection(ExtensibilityGlobals) = postSolution
		SolutionGuid = {82960CEF-C8A7-41A6-B0CB-CA8E85EBC857}
	EndGlobalSection
EndGlobal
